
Microsoft Visual Studio Solution File, Format Version 12.00
# Visual Studio Version 16
VisualStudioVersion = 16.0.29609.76
MinimumVisualStudioVersion = 10.0.40219.1
Project("{FAE04EC0-301F-11D3-BF4B-00C04F79EFBC}") = "demoClass", "demoClass\demoClass.csproj", "{2EADBB33-2813-44D7-8899-C9B6BCC4C28A}"
EndProject
Global
	GlobalSection(SolutionConfigurationPlatforms) = preSolution
		Debug|Any CPU = Debug|Any CPU
		Release|Any CPU = Release|Any CPU
	EndGlobalSection
	GlobalSection(ProjectConfigurationPlatforms) = postSolution
		{2EADBB33-2813-44D7-8899-C9B6BCC4C28A}.Debug|Any CPU.ActiveCfg = Debug|Any CPU
		{2EADBB33-2813-44D7-8899-C9B6BCC4C28A}.Debug|Any CPU.Build.0 = Debug|Any CPU
		{2EADBB33-2813-44D7-8899-C9B6BCC4C28A}.Release|Any CPU.ActiveCfg = Release|Any CPU
		{2EADBB33-2813-44D7-8899-C9B6BCC4C28A}.Release|Any CPU.Build.0 = Release|Any CPU
	EndGlobalSection
	GlobalSection(SolutionProperties) = preSolution
		HideSolutionNode = FALSE
	EndGlobalSection
	GlobalSection(ExtensibilityGlobals) = postSolution
		SolutionGuid = {DF2B4278-4D02-4BCB-8844-715B7D827343}
	EndGlobalSection
EndGlobal
